// !$*UTF8*$!
{
	archiveVersion = 1;
	classes = {
	};
	objectVersion = 46;
	objects = {

/* Begin PBXBuildFile section */
		242B1E1233D2C6E1672278F8 /* Pods_FiveMessages.framework in Frameworks */ = {isa = PBXBuildFile; fileRef = F9D9D3A31B25BD066F3F6385 /* Pods_FiveMessages.framework */; };
		EFA7BCA91C9A16350042A417 /* AppDelegate.swift in Sources */ = {isa = PBXBuildFile; fileRef = EFA7BCA81C9A16350042A417 /* AppDelegate.swift */; };
		EFA7BCAB1C9A16350042A417 /* ViewController.swift in Sources */ = {isa = PBXBuildFile; fileRef = EFA7BCAA1C9A16350042A417 /* ViewController.swift */; };
		EFA7BCAE1C9A16350042A417 /* Main.storyboard in Resources */ = {isa = PBXBuildFile; fileRef = EFA7BCAC1C9A16350042A417 /* Main.storyboard */; };
		EFA7BCB01C9A16350042A417 /* Assets.xcassets in Resources */ = {isa = PBXBuildFile; fileRef = EFA7BCAF1C9A16350042A417 /* Assets.xcassets */; };
		EFA7BCB31C9A16350042A417 /* LaunchScreen.storyboard in Resources */ = {isa = PBXBuildFile; fileRef = EFA7BCB11C9A16350042A417 /* LaunchScreen.storyboard */; };
		EFA7BCBE1C9A16350042A417 /* FiveMessagesTests.swift in Sources */ = {isa = PBXBuildFile; fileRef = EFA7BCBD1C9A16350042A417 /* FiveMessagesTests.swift */; };
		EFA7BCC91C9A16350042A417 /* FiveMessagesUITests.swift in Sources */ = {isa = PBXBuildFile; fileRef = EFA7BCC81C9A16350042A417 /* FiveMessagesUITests.swift */; };
/* End PBXBuildFile section */

/* Begin PBXContainerItemProxy section */
		EFA7BCBA1C9A16350042A417 /* PBXContainerItemProxy */ = {
			isa = PBXContainerItemProxy;
			containerPortal = EFA7BC9D1C9A16350042A417 /* Project object */;
			proxyType = 1;
			remoteGlobalIDString = EFA7BCA41C9A16350042A417;
			remoteInfo = FiveMessages;
		};
		EFA7BCC51C9A16350042A417 /* PBXContainerItemProxy */ = {
			isa = PBXContainerItemProxy;
			containerPortal = EFA7BC9D1C9A16350042A417 /* Project object */;
			proxyType = 1;
			remoteGlobalIDString = EFA7BCA41C9A16350042A417;
			remoteInfo = FiveMessages;
		};
/* End PBXContainerItemProxy section */

/* Begin PBXFileReference section */
		3FC9AB9D9710B28C3DF9EA1C /* Pods-FiveMessages.debug.xcconfig */ = {isa = PBXFileReference; includeInIndex = 1; lastKnownFileType = text.xcconfig; name = "Pods-FiveMessages.debug.xcconfig"; path = "Pods/Target Support Files/Pods-FiveMessages/Pods-FiveMessages.debug.xcconfig"; sourceTree = "<group>"; };
		B56288B274BCE3BA45619E37 /* Pods-FiveMessages.release.xcconfig */ = {isa = PBXFileReference; includeInIndex = 1; lastKnownFileType = text.xcconfig; name = "Pods-FiveMessages.release.xcconfig"; path = "Pods/Target Support Files/Pods-FiveMessages/Pods-FiveMessages.release.xcconfig"; sourceTree = "<group>"; };
		EFA7BCA51C9A16350042A417 /* FiveMessages.app */ = {isa = PBXFileReference; explicitFileType = wrapper.application; includeInIndex = 0; path = FiveMessages.app; sourceTree = BUILT_PRODUCTS_DIR; };
		EFA7BCA81C9A16350042A417 /* AppDelegate.swift */ = {isa = PBXFileReference; lastKnownFileType = sourcecode.swift; path = AppDelegate.swift; sourceTree = "<group>"; };
		EFA7BCAA1C9A16350042A417 /* ViewController.swift */ = {isa = PBXFileReference; lastKnownFileType = sourcecode.swift; path = ViewController.swift; sourceTree = "<group>"; };
		EFA7BCAD1C9A16350042A417 /* Base */ = {isa = PBXFileReference; lastKnownFileType = file.storyboard; name = Base; path = Base.lproj/Main.storyboard; sourceTree = "<group>"; };
		EFA7BCAF1C9A16350042A417 /* Assets.xcassets */ = {isa = PBXFileReference; lastKnownFileType = folder.assetcatalog; path = Assets.xcassets; sourceTree = "<group>"; };
		EFA7BCB21C9A16350042A417 /* Base */ = {isa = PBXFileReference; lastKnownFileType = file.storyboard; name = Base; path = Base.lproj/LaunchScreen.storyboard; sourceTree = "<group>"; };
		EFA7BCB41C9A16350042A417 /* Info.plist */ = {isa = PBXFileReference; lastKnownFileType = text.plist.xml; path = Info.plist; sourceTree = "<group>"; };
		EFA7BCB91C9A16350042A417 /* FiveMessagesTests.xctest */ = {isa = PBXFileReference; explicitFileType = wrapper.cfbundle; includeInIndex = 0; path = FiveMessagesTests.xctest; sourceTree = BUILT_PRODUCTS_DIR; };
		EFA7BCBD1C9A16350042A417 /* FiveMessagesTests.swift */ = {isa = PBXFileReference; lastKnownFileType = sourcecode.swift; path = FiveMessagesTests.swift; sourceTree = "<group>"; };
		EFA7BCBF1C9A16350042A417 /* Info.plist */ = {isa = PBXFileReference; lastKnownFileType = text.plist.xml; path = Info.plist; sourceTree = "<group>"; };
		EFA7BCC41C9A16350042A417 /* FiveMessagesUITests.xctest */ = {isa = PBXFileReference; explicitFileType = wrapper.cfbundle; includeInIndex = 0; path = FiveMessagesUITests.xctest; sourceTree = BUILT_PRODUCTS_DIR; };
		EFA7BCC81C9A16350042A417 /* FiveMessagesUITests.swift */ = {isa = PBXFileReference; lastKnownFileType = sourcecode.swift; path = FiveMessagesUITests.swift; sourceTree = "<group>"; };
		EFA7BCCA1C9A16350042A417 /* Info.plist */ = {isa = PBXFileReference; lastKnownFileType = text.plist.xml; path = Info.plist; sourceTree = "<group>"; };
		F9D9D3A31B25BD066F3F6385 /* Pods_FiveMessages.framework */ = {isa = PBXFileReference; explicitFileType = wrapper.framework; includeInIndex = 0; path = Pods_FiveMessages.framework; sourceTree = BUILT_PRODUCTS_DIR; };
/* End PBXFileReference section */

/* Begin PBXFrameworksBuildPhase section */
		EFA7BCA21C9A16350042A417 /* Frameworks */ = {
			isa = PBXFrameworksBuildPhase;
			buildActionMask = 2147483647;
			files = (
				242B1E1233D2C6E1672278F8 /* Pods_FiveMessages.framework in Frameworks */,
			);
			runOnlyForDeploymentPostprocessing = 0;
		};
		EFA7BCB61C9A16350042A417 /* Frameworks */ = {
			isa = PBXFrameworksBuildPhase;
			buildActionMask = 2147483647;
			files = (
			);
			runOnlyForDeploymentPostprocessing = 0;
		};
		EFA7BCC11C9A16350042A417 /* Frameworks */ = {
			isa = PBXFrameworksBuildPhase;
			buildActionMask = 2147483647;
			files = (
			);
			runOnlyForDeploymentPostprocessing = 0;
		};
/* End PBXFrameworksBuildPhase section */

/* Begin PBXGroup section */
		2E4C5AEDE6BEE775F29D0DBD /* Pods */ = {
			isa = PBXGroup;
			children = (
				3FC9AB9D9710B28C3DF9EA1C /* Pods-FiveMessages.debug.xcconfig */,
				B56288B274BCE3BA45619E37 /* Pods-FiveMessages.release.xcconfig */,
			);
			name = Pods;
			sourceTree = "<group>";
		};
		EFA7BC9C1C9A16350042A417 = {
			isa = PBXGroup;
			children = (
				EFA7BCA71C9A16350042A417 /* FiveMessages */,
				EFA7BCBC1C9A16350042A417 /* FiveMessagesTests */,
				EFA7BCC71C9A16350042A417 /* FiveMessagesUITests */,
				EFA7BCA61C9A16350042A417 /* Products */,
				2E4C5AEDE6BEE775F29D0DBD /* Pods */,
				FEF6130C05CFBF21CF396F23 /* Frameworks */,
			);
			sourceTree = "<group>";
		};
		EFA7BCA61C9A16350042A417 /* Products */ = {
			isa = PBXGroup;
			children = (
				EFA7BCA51C9A16350042A417 /* FiveMessages.app */,
				EFA7BCB91C9A16350042A417 /* FiveMessagesTests.xctest */,
				EFA7BCC41C9A16350042A417 /* FiveMessagesUITests.xctest */,
			);
			name = Products;
			sourceTree = "<group>";
		};
		EFA7BCA71C9A16350042A417 /* FiveMessages */ = {
			isa = PBXGroup;
			children = (
				EFA7BCA81C9A16350042A417 /* AppDelegate.swift */,
				EFA7BCAA1C9A16350042A417 /* ViewController.swift */,
				EFA7BCAC1C9A16350042A417 /* Main.storyboard */,
				EFA7BCAF1C9A16350042A417 /* Assets.xcassets */,
				EFA7BCB11C9A16350042A417 /* LaunchScreen.storyboard */,
				EFA7BCB41C9A16350042A417 /* Info.plist */,
			);
			path = FiveMessages;
			sourceTree = "<group>";
		};
		EFA7BCBC1C9A16350042A417 /* FiveMessagesTests */ = {
			isa = PBXGroup;
			children = (
				EFA7BCBD1C9A16350042A417 /* FiveMessagesTests.swift */,
				EFA7BCBF1C9A16350042A417 /* Info.plist */,
			);
			path = FiveMessagesTests;
			sourceTree = "<group>";
		};
		EFA7BCC71C9A16350042A417 /* FiveMessagesUITests */ = {
			isa = PBXGroup;
			children = (
				EFA7BCC81C9A16350042A417 /* FiveMessagesUITests.swift */,
				EFA7BCCA1C9A16350042A417 /* Info.plist */,
			);
			path = FiveMessagesUITests;
			sourceTree = "<group>";
		};
		FEF6130C05CFBF21CF396F23 /* Frameworks */ = {
			isa = PBXGroup;
			children = (
				F9D9D3A31B25BD066F3F6385 /* Pods_FiveMessages.framework */,
			);
			name = Frameworks;
			sourceTree = "<group>";
		};
/* End PBXGroup section */

/* Begin PBXNativeTarget section */
		EFA7BCA41C9A16350042A417 /* FiveMessages */ = {
			isa = PBXNativeTarget;
			buildConfigurationList = EFA7BCCD1C9A16350042A417 /* Build configuration list for PBXNativeTarget "FiveMessages" */;
			buildPhases = (
				615772D1C2074DE0BC1ED9B9 /* Check Pods Manifest.lock */,
				EFA7BCA11C9A16350042A417 /* Sources */,
				EFA7BCA21C9A16350042A417 /* Frameworks */,
				EFA7BCA31C9A16350042A417 /* Resources */,
				EB2F5FA346F0F6C4BA5A9A67 /* Embed Pods Frameworks */,
				F700E2C80FEFFC63D125C4FA /* Copy Pods Resources */,
			);
			buildRules = (
			);
			dependencies = (
			);
			name = FiveMessages;
			productName = FiveMessages;
			productReference = EFA7BCA51C9A16350042A417 /* FiveMessages.app */;
			productType = "com.apple.product-type.application";
		};
		EFA7BCB81C9A16350042A417 /* FiveMessagesTests */ = {
			isa = PBXNativeTarget;
			buildConfigurationList = EFA7BCD01C9A16350042A417 /* Build configuration list for PBXNativeTarget "FiveMessagesTests" */;
			buildPhases = (
				EFA7BCB51C9A16350042A417 /* Sources */,
				EFA7BCB61C9A16350042A417 /* Frameworks */,
				EFA7BCB71C9A16350042A417 /* Resources */,
			);
			buildRules = (
			);
			dependencies = (
				EFA7BCBB1C9A16350042A417 /* PBXTargetDependency */,
			);
			name = FiveMessagesTests;
			productName = FiveMessagesTests;
			productReference = EFA7BCB91C9A16350042A417 /* FiveMessagesTests.xctest */;
			productType = "com.apple.product-type.bundle.unit-test";
		};
		EFA7BCC31C9A16350042A417 /* FiveMessagesUITests */ = {
			isa = PBXNativeTarget;
			buildConfigurationList = EFA7BCD31C9A16350042A417 /* Build configuration list for PBXNativeTarget "FiveMessagesUITests" */;
			buildPhases = (
				EFA7BCC01C9A16350042A417 /* Sources */,
				EFA7BCC11C9A16350042A417 /* Frameworks */,
				EFA7BCC21C9A16350042A417 /* Resources */,
			);
			buildRules = (
			);
			dependencies = (
				EFA7BCC61C9A16350042A417 /* PBXTargetDependency */,
			);
			name = FiveMessagesUITests;
			productName = FiveMessagesUITests;
			productReference = EFA7BCC41C9A16350042A417 /* FiveMessagesUITests.xctest */;
			productType = "com.apple.product-type.bundle.ui-testing";
		};
/* End PBXNativeTarget section */

/* Begin PBXProject section */
		EFA7BC9D1C9A16350042A417 /* Project object */ = {
			isa = PBXProject;
			attributes = {
				LastSwiftUpdateCheck = 0720;
				LastUpgradeCheck = 0720;
				ORGANIZATIONNAME = "Hiro KAWAGUCHI Labo.";
				TargetAttributes = {
					EFA7BCA41C9A16350042A417 = {
						CreatedOnToolsVersion = 7.2.1;
					};
					EFA7BCB81C9A16350042A417 = {
						CreatedOnToolsVersion = 7.2.1;
						TestTargetID = EFA7BCA41C9A16350042A417;
					};
					EFA7BCC31C9A16350042A417 = {
						CreatedOnToolsVersion = 7.2.1;
						TestTargetID = EFA7BCA41C9A16350042A417;
					};
				};
			};
			buildConfigurationList = EFA7BCA01C9A16350042A417 /* Build configuration list for PBXProject "FiveMessages" */;
			compatibilityVersion = "Xcode 3.2";
			developmentRegion = English;
			hasScannedForEncodings = 0;
			knownRegions = (
				en,
				Base,
			);
			mainGroup = EFA7BC9C1C9A16350042A417;
			productRefGroup = EFA7BCA61C9A16350042A417 /* Products */;
			projectDirPath = "";
			projectRoot = "";
			targets = (
				EFA7BCA41C9A16350042A417 /* FiveMessages */,
				EFA7BCB81C9A16350042A417 /* FiveMessagesTests */,
				EFA7BCC31C9A16350042A417 /* FiveMessagesUITests */,
			);
		};
/* End PBXProject section */

/* Begin PBXResourcesBuildPhase section */
		EFA7BCA31C9A16350042A417 /* Resources */ = {
			isa = PBXResourcesBuildPhase;
			buildActionMask = 2147483647;
			files = (
				EFA7BCB31C9A16350042A417 /* LaunchScreen.storyboard in Resources */,
				EFA7BCB01C9A16350042A417 /* Assets.xcassets in Resources */,
				EFA7BCAE1C9A16350042A417 /* Main.storyboard in Resources */,
			);
			runOnlyForDeploymentPostprocessing = 0;
		};
		EFA7BCB71C9A16350042A417 /* Resources */ = {
			isa = PBXResourcesBuildPhase;
			buildActionMask = 2147483647;
			files = (
			);
			runOnlyForDeploymentPostprocessing = 0;
		};
		EFA7BCC21C9A16350042A417 /* Resources */ = {
			isa = PBXResourcesBuildPhase;
			buildActionMask = 2147483647;
			files = (
			);
			runOnlyForDeploymentPostprocessing = 0;
		};
/* End PBXResourcesBuildPhase section */

/* Begin PBXShellScriptBuildPhase section */
		615772D1C2074DE0BC1ED9B9 /* Check Pods Manifest.lock */ = {
			isa = PBXShellScriptBuildPhase;
			buildActionMask = 2147483647;
			files = (
			);
			inputPaths = (
			);
			name = "Check Pods Manifest.lock";
			outputPaths = (
			);
			runOnlyForDeploymentPostprocessing = 0;
			shellPath = /bin/sh;
			shellScript = "diff \"${PODS_ROOT}/../Podfile.lock\" \"${PODS_ROOT}/Manifest.lock\" > /dev/null\nif [[ $? != 0 ]] ; then\n    cat << EOM\nerror: The sandbox is not in sync with the Podfile.lock. Run 'pod install' or update your CocoaPods installation.\nEOM\n    exit 1\nfi\n";
			showEnvVarsInLog = 0;
		};
		EB2F5FA346F0F6C4BA5A9A67 /* Embed Pods Frameworks */ = {
			isa = PBXShellScriptBuildPhase;
			buildActionMask = 2147483647;
			files = (
			);
			inputPaths = (
			);
			name = "Embed Pods Frameworks";
			outputPaths = (
			);
			runOnlyForDeploymentPostprocessing = 0;
			shellPath = /bin/sh;
			shellScript = "\"${SRCROOT}/Pods/Target Support Files/Pods-FiveMessages/Pods-FiveMessages-frameworks.sh\"\n";
			showEnvVarsInLog = 0;
		};
		F700E2C80FEFFC63D125C4FA /* Copy Pods Resources */ = {
			isa = PBXShellScriptBuildPhase;
			buildActionMask = 2147483647;
			files = (
			);
			inputPaths = (
			);
			name = "Copy Pods Resources";
			outputPaths = (
			);
			runOnlyForDeploymentPostprocessing = 0;
			shellPath = /bin/sh;
			shellScript = "\"${SRCROOT}/Pods/Target Support Files/Pods-FiveMessages/Pods-FiveMessages-resources.sh\"\n";
			showEnvVarsInLog = 0;
		};
/* End PBXShellScriptBuildPhase section */

/* Begin PBXSourcesBuildPhase section */
		EFA7BCA11C9A16350042A417 /* Sources */ = {
			isa = PBXSourcesBuildPhase;
			buildActionMask = 2147483647;
			files = (
				EFA7BCAB1C9A16350042A417 /* ViewController.swift in Sources */,
				EFA7BCA91C9A16350042A417 /* AppDelegate.swift in Sources */,
			);
			runOnlyForDeploymentPostprocessing = 0;
		};
		EFA7BCB51C9A16350042A417 /* Sources */ = {
			isa = PBXSourcesBuildPhase;
			buildActionMask = 2147483647;
			files = (
				EFA7BCBE1C9A16350042A417 /* FiveMessagesTests.swift in Sources */,
			);
			runOnlyForDeploymentPostprocessing = 0;
		};
		EFA7BCC01C9A16350042A417 /* Sources */ = {
			isa = PBXSourcesBuildPhase;
			buildActionMask = 2147483647;
			files = (
				EFA7BCC91C9A16350042A417 /* FiveMessagesUITests.swift in Sources */,
			);
			runOnlyForDeploymentPostprocessing = 0;
		};
/* End PBXSourcesBuildPhase section */

/* Begin PBXTargetDependency section */
		EFA7BCBB1C9A16350042A417 /* PBXTargetDependency */ = {
			isa = PBXTargetDependency;
			target = EFA7BCA41C9A16350042A417 /* FiveMessages */;
			targetProxy = EFA7BCBA1C9A16350042A417 /* PBXContainerItemProxy */;
		};
		EFA7BCC61C9A16350042A417 /* PBXTargetDependency */ = {
			isa = PBXTargetDependency;
			target = EFA7BCA41C9A16350042A417 /* FiveMessages */;
			targetProxy = EFA7BCC51C9A16350042A417 /* PBXContainerItemProxy */;
		};
/* End PBXTargetDependency section */

/* Begin PBXVariantGroup section */
		EFA7BCAC1C9A16350042A417 /* Main.storyboard */ = {
			isa = PBXVariantGroup;
			children = (
				EFA7BCAD1C9A16350042A417 /* Base */,
			);
			name = Main.storyboard;
			sourceTree = "<group>";
		};
		EFA7BCB11C9A16350042A417 /* LaunchScreen.storyboard */ = {
			isa = PBXVariantGroup;
			children = (
				EFA7BCB21C9A16350042A417 /* Base */,
			);
			name = LaunchScreen.storyboard;
			sourceTree = "<group>";
		};
/* End PBXVariantGroup section */

/* Begin XCBuildConfiguration section */
		EFA7BCCB1C9A16350042A417 /* Debug */ = {
			isa = XCBuildConfiguration;
			buildSettings = {
				ALWAYS_SEARCH_USER_PATHS = NO;
				CLANG_CXX_LANGUAGE_STANDARD = "gnu++0x";
				CLANG_CXX_LIBRARY = "libc++";
				CLANG_ENABLE_MODULES = YES;
				CLANG_ENABLE_OBJC_ARC = YES;
				CLANG_WARN_BOOL_CONVERSION = YES;
				CLANG_WARN_CONSTANT_CONVERSION = YES;
				CLANG_WARN_DIRECT_OBJC_ISA_USAGE = YES_ERROR;
				CLANG_WARN_EMPTY_BODY = YES;
				CLANG_WARN_ENUM_CONVERSION = YES;
				CLANG_WARN_INT_CONVERSION = YES;
				CLANG_WARN_OBJC_ROOT_CLASS = YES_ERROR;
				CLANG_WARN_UNREACHABLE_CODE = YES;
				CLANG_WARN__DUPLICATE_METHOD_MATCH = YES;
				"CODE_SIGN_IDENTITY[sdk=iphoneos*]" = "iPhone Developer";
				COPY_PHASE_STRIP = NO;
				DEBUG_INFORMATION_FORMAT = dwarf;
				ENABLE_STRICT_OBJC_MSGSEND = YES;
				ENABLE_TESTABILITY = YES;
				GCC_C_LANGUAGE_STANDARD = gnu99;
				GCC_DYNAMIC_NO_PIC = NO;
				GCC_NO_COMMON_BLOCKS = YES;
				GCC_OPTIMIZATION_LEVEL = 0;
				GCC_PREPROCESSOR_DEFINITIONS = (
					"DEBUG=1",
					"$(inherited)",
				);
				GCC_WARN_64_TO_32_BIT_CONVERSION = YES;
				GCC_WARN_ABOUT_RETURN_TYPE = YES_ERROR;
				GCC_WARN_UNDECLARED_SELECTOR = YES;
				GCC_WARN_UNINITIALIZED_AUTOS = YES_AGGRESSIVE;
				GCC_WARN_UNUSED_FUNCTION = YES;
				GCC_WARN_UNUSED_VARIABLE = YES;
				IPHONEOS_DEPLOYMENT_TARGET = 9.2;
				MTL_ENABLE_DEBUG_INFO = YES;
				ONLY_ACTIVE_ARCH = YES;
				SDKROOT = iphoneos;
				SWIFT_OPTIMIZATION_LEVEL = "-Onone";
			};
			name = Debug;
		};
		EFA7BCCC1C9A16350042A417 /* Release */ = {
			isa = XCBuildConfiguration;
			buildSettings = {
				ALWAYS_SEARCH_USER_PATHS = NO;
				CLANG_CXX_LANGUAGE_STANDARD = "gnu++0x";
				CLANG_CXX_LIBRARY = "libc++";
				CLANG_ENABLE_MODULES = YES;
				CLANG_ENABLE_OBJC_ARC = YES;
				CLANG_WARN_BOOL_CONVERSION = YES;
				CLANG_WARN_CONSTANT_CONVERSION = YES;
				CLANG_WARN_DIRECT_OBJC_ISA_USAGE = YES_ERROR;
				CLANG_WARN_EMPTY_BODY = YES;
				CLANG_WARN_ENUM_CONVERSION = YES;
				CLANG_WARN_INT_CONVERSION = YES;
				CLANG_WARN_OBJC_ROOT_CLASS = YES_ERROR;
				CLANG_WARN_UNREACHABLE_CODE = YES;
				CLANG_WARN__DUPLICATE_METHOD_MATCH = YES;
				"CODE_SIGN_IDENTITY[sdk=iphoneos*]" = "iPhone Developer";
				COPY_PHASE_STRIP = NO;
				DEBUG_INFORMATION_FORMAT = "dwarf-with-dsym";
				ENABLE_NS_ASSERTIONS = NO;
				ENABLE_STRICT_OBJC_MSGSEND = YES;
				GCC_C_LANGUAGE_STANDARD = gnu99;
				GCC_NO_COMMON_BLOCKS = YES;
				GCC_WARN_64_TO_32_BIT_CONVERSION = YES;
				GCC_WARN_ABOUT_RETURN_TYPE = YES_ERROR;
				GCC_WARN_UNDECLARED_SELECTOR = YES;
				GCC_WARN_UNINITIALIZED_AUTOS = YES_AGGRESSIVE;
				GCC_WARN_UNUSED_FUNCTION = YES;
				GCC_WARN_UNUSED_VARIABLE = YES;
				IPHONEOS_DEPLOYMENT_TARGET = 9.2;
				MTL_ENABLE_DEBUG_INFO = NO;
				SDKROOT = iphoneos;
				VALIDATE_PRODUCT = YES;
			};
			name = Release;
		};
		EFA7BCCE1C9A16350042A417 /* Debug */ = {
			isa = XCBuildConfiguration;
			baseConfigurationReference = 3FC9AB9D9710B28C3DF9EA1C /* Pods-FiveMessages.debug.xcconfig */;
			buildSettings = {
				ASSETCATALOG_COMPILER_APPICON_NAME = AppIcon;
				INFOPLIST_FILE = FiveMessages/Info.plist;
				LD_RUNPATH_SEARCH_PATHS = "$(inherited) @executable_path/Frameworks";
				PRODUCT_BUNDLE_IDENTIFIER = com.kawaguchi.FiveMessages;
				PRODUCT_NAME = "$(TARGET_NAME)";
			};
			name = Debug;
		};
		EFA7BCCF1C9A16350042A417 /* Release */ = {
			isa = XCBuildConfiguration;
			baseConfigurationReference = B56288B274BCE3BA45619E37 /* Pods-FiveMessages.release.xcconfig */;
			buildSettings = {
				ASSETCATALOG_COMPILER_APPICON_NAME = AppIcon;
				INFOPLIST_FILE = FiveMessages/Info.plist;
				LD_RUNPATH_SEARCH_PATHS = "$(inherited) @executable_path/Frameworks";
				PRODUCT_BUNDLE_IDENTIFIER = com.kawaguchi.FiveMessages;
				PRODUCT_NAME = "$(TARGET_NAME)";
			};
			name = Release;
		};
		EFA7BCD11C9A16350042A417 /* Debug */ = {
			isa = XCBuildConfiguration;
			buildSettings = {
				BUNDLE_LOADER = "$(TEST_HOST)";
				INFOPLIST_FILE = FiveMessagesTests/Info.plist;
				LD_RUNPATH_SEARCH_PATHS = "$(inherited) @executable_path/Frameworks @loader_path/Frameworks";
				PRODUCT_BUNDLE_IDENTIFIER = com.kawaguchi.FiveMessagesTests;
				PRODUCT_NAME = "$(TARGET_NAME)";
				TEST_HOST = "$(BUILT_PRODUCTS_DIR)/FiveMessages.app/FiveMessages";
			};
			name = Debug;
		};
		EFA7BCD21C9A16350042A417 /* Release */ = {
			isa = XCBuildConfiguration;
			buildSettings = {
				BUNDLE_LOADER = "$(TEST_HOST)";
				INFOPLIST_FILE = FiveMessagesTests/Info.plist;
				LD_RUNPATH_SEARCH_PATHS = "$(inherited) @executable_path/Frameworks @loader_path/Frameworks";
				PRODUCT_BUNDLE_IDENTIFIER = com.kawaguchi.FiveMessagesTests;
				PRODUCT_NAME = "$(TARGET_NAME)";
				TEST_HOST = "$(BUILT_PRODUCTS_DIR)/FiveMessages.app/FiveMessages";
			};
			name = Release;
		};
		EFA7BCD41C9A16350042A417 /* Debug */ = {
			isa = XCBuildConfiguration;
			buildSettings = {
				INFOPLIST_FILE = FiveMessagesUITests/Info.plist;
				LD_RUNPATH_SEARCH_PATHS = "$(inherited) @executable_path/Frameworks @loader_path/Frameworks";
				PRODUCT_BUNDLE_IDENTIFIER = com.kawaguchi.FiveMessagesUITests;
				PRODUCT_NAME = "$(TARGET_NAME)";
				TEST_TARGET_NAME = FiveMessages;
				USES_XCTRUNNER = YES;
			};
			name = Debug;
		};
		EFA7BCD51C9A16350042A417 /* Release */ = {
			isa = XCBuildConfiguration;
			buildSettings = {
				INFOPLIST_FILE = FiveMessagesUITests/Info.plist;
				LD_RUNPATH_SEARCH_PATHS = "$(inherited) @executable_path/Frameworks @loader_path/Frameworks";
				PRODUCT_BUNDLE_IDENTIFIER = com.kawaguchi.FiveMessagesUITests;
				PRODUCT_NAME = "$(TARGET_NAME)";
				TEST_TARGET_NAME = FiveMessages;
				USES_XCTRUNNER = YES;
			};
			name = Release;
		};
/* End XCBuildConfiguration section */

/* Begin XCConfigurationList section */
		EFA7BCA01C9A16350042A417 /* Build configuration list for PBXProject "FiveMessages" */ = {
			isa = XCConfigurationList;
			buildConfigurations = (
				EFA7BCCB1C9A16350042A417 /* Debug */,
				EFA7BCCC1C9A16350042A417 /* Release */,
			);
			defaultConfigurationIsVisible = 0;
			defaultConfigurationName = Release;
		};
		EFA7BCCD1C9A16350042A417 /* Build configuration list for PBXNativeTarget "FiveMessages" */ = {
			isa = XCConfigurationList;
			buildConfigurations = (
				EFA7BCCE1C9A16350042A417 /* Debug */,
				EFA7BCCF1C9A16350042A417 /* Release */,
			);
			defaultConfigurationIsVisible = 0;
			defaultConfigurationName = Release;
		};
		EFA7BCD01C9A16350042A417 /* Build configuration list for PBXNativeTarget "FiveMessagesTests" */ = {
			isa = XCConfigurationList;
			buildConfigurations = (
				EFA7BCD11C9A16350042A417 /* Debug */,
				EFA7BCD21C9A16350042A417 /* Release */,
			);
			defaultConfigurationIsVisible = 0;
			defaultConfigurationName = Release;
		};
		EFA7BCD31C9A16350042A417 /* Build configuration list for PBXNativeTarget "FiveMessagesUITests" */ = {
			isa = XCConfigurationList;
			buildConfigurations = (
				EFA7BCD41C9A16350042A417 /* Debug */,
				EFA7BCD51C9A16350042A417 /* Release */,
			);
			defaultConfigurationIsVisible = 0;
			defaultConfigurationName = Release;
		};
/* End XCConfigurationList section */
	};
	rootObject = EFA7BC9D1C9A16350042A417 /* Project object */;
}
